
Microsoft Visual Studio Solution File, Format Version 12.00
# Visual Studio Version 17
VisualStudioVersion = 17.0.31903.59
MinimumVisualStudioVersion = 10.0.40219.1
Project("{FAE04EC0-301F-11D3-BF4B-00C04F79EFBC}") = "Lotto1", "Lotto1\Lotto1.csproj", "{BF45ACAB-37F6-42AB-977D-FA3F96944978}"
EndProject
Global
	GlobalSection(SolutionConfigurationPlatforms) = preSolution
		Debug|Any CPU = Debug|Any CPU
		Release|Any CPU = Release|Any CPU
	EndGlobalSection
	GlobalSection(ProjectConfigurationPlatforms) = postSolution
		{BF45ACAB-37F6-42AB-977D-FA3F96944978}.Debug|Any CPU.ActiveCfg = Debug|Any CPU
		{BF45ACAB-37F6-42AB-977D-FA3F96944978}.Debug|Any CPU.Build.0 = Debug|Any CPU
		{BF45ACAB-37F6-42AB-977D-FA3F96944978}.Release|Any CPU.ActiveCfg = Release|Any CPU
		{BF45ACAB-37F6-42AB-977D-FA3F96944978}.Release|Any CPU.Build.0 = Release|Any CPU
	EndGlobalSection
	GlobalSection(SolutionProperties) = preSolution
		HideSolutionNode = FALSE
	EndGlobalSection
	GlobalSection(ExtensibilityGlobals) = postSolution
		SolutionGuid = {BAA3227F-21DF-469A-91A0-E0198399ED96}
	EndGlobalSection
EndGlobal
